
Microsoft Visual Studio Solution File, Format Version 12.00
# Visual Studio Version 17
VisualStudioVersion = 17.12.35527.113 d17.12
MinimumVisualStudioVersion = 10.0.40219.1
Project("{2150E333-8FDC-42A3-9474-1A3956D46DE8}") = "src", "src", "{734B942D-E68F-4299-80E5-DE0717FB0349}"
EndProject
Project("{2150E333-8FDC-42A3-9474-1A3956D46DE8}") = "tests", "tests", "{E779E7CB-0230-43AD-B7FA-0BD5A1D59BF9}"
EndProject
Project("{2150E333-8FDC-42A3-9474-1A3956D46DE8}") = "backend", "backend", "{D3560EF4-0B50-4BB2-AE8C-2B34779DEA10}"
EndProject
Project("{2150E333-8FDC-42A3-9474-1A3956D46DE8}") = "shared", "shared", "{840DD676-B842-4CA5-8289-685A11657784}"
EndProject
Project("{FAE04EC0-301F-11D3-BF4B-00C04F79EFBC}") = "MoviesRate.API", "src\backend\MoviesRate.API\MoviesRate.API.csproj", "{2817E4FD-32C9-494A-914F-6671A17FE2D4}"
EndProject
Project("{FAE04EC0-301F-11D3-BF4B-00C04F79EFBC}") = "MoviesRate.Domain", "src\backend\MoviesRate.Domain\MoviesRate.Domain.csproj", "{DB960736-548F-43FE-AD75-DE31BBCFBC2B}"
EndProject
Project("{FAE04EC0-301F-11D3-BF4B-00C04F79EFBC}") = "MoviesRate.Infrastructure", "src\backend\MoviesRate.Infrastructure\MoviesRate.Infrastructure.csproj", "{4B672A81-CC43-42F6-A2C0-8332ABC48AC8}"
EndProject
Project("{FAE04EC0-301F-11D3-BF4B-00C04F79EFBC}") = "MoviesRate.Application", "src\backend\MoviesRate.Application\MoviesRate.Application.csproj", "{B13486FF-9B7A-4C09-AE68-1066E3887514}"
EndProject
Project("{FAE04EC0-301F-11D3-BF4B-00C04F79EFBC}") = "MoviesRate.Communication", "src\shared\MoviesRate.Communication\MoviesRate.Communication.csproj", "{EB7D365D-ECDF-4FF5-B525-F0EA00368989}"
EndProject
Project("{FAE04EC0-301F-11D3-BF4B-00C04F79EFBC}") = "MoviesRate.Exception", "src\shared\MoviesRate.Exception\MoviesRate.Exception.csproj", "{FD8EB000-C8B7-4922-8530-C8BA657F7FF9}"
EndProject
Project("{FAE04EC0-301F-11D3-BF4B-00C04F79EFBC}") = "CommonTestUtilities", "tests\CommonTestUtilities\CommonTestUtilities.csproj", "{2913D88F-2D5C-48EA-8269-8FE9C11F5635}"
EndProject
Project("{FAE04EC0-301F-11D3-BF4B-00C04F79EFBC}") = "Validators.Test", "tests\Validators.Test\Validators.Test.csproj", "{86386408-602F-4755-96C3-1CBC3609E252}"
EndProject
Project("{FAE04EC0-301F-11D3-BF4B-00C04F79EFBC}") = "UseCase.Test", "tests\UseCase.Test\UseCase.Test.csproj", "{9DF16E95-746F-46FE-8EFB-CF81CF53EF16}"
EndProject
Project("{FAE04EC0-301F-11D3-BF4B-00C04F79EFBC}") = "WebAPI.Test", "tests\WebAPI.Test\WebAPI.Test.csproj", "{5D277D63-5F6B-482F-90FE-7C016347748D}"
EndProject
Global
	GlobalSection(SolutionConfigurationPlatforms) = preSolution
		Debug|Any CPU = Debug|Any CPU
		Release|Any CPU = Release|Any CPU
	EndGlobalSection
	GlobalSection(ProjectConfigurationPlatforms) = postSolution
		{2817E4FD-32C9-494A-914F-6671A17FE2D4}.Debug|Any CPU.ActiveCfg = Debug|Any CPU
		{2817E4FD-32C9-494A-914F-6671A17FE2D4}.Debug|Any CPU.Build.0 = Debug|Any CPU
		{2817E4FD-32C9-494A-914F-6671A17FE2D4}.Release|Any CPU.ActiveCfg = Release|Any CPU
		{2817E4FD-32C9-494A-914F-6671A17FE2D4}.Release|Any CPU.Build.0 = Release|Any CPU
		{DB960736-548F-43FE-AD75-DE31BBCFBC2B}.Debug|Any CPU.ActiveCfg = Debug|Any CPU
		{DB960736-548F-43FE-AD75-DE31BBCFBC2B}.Debug|Any CPU.Build.0 = Debug|Any CPU
		{DB960736-548F-43FE-AD75-DE31BBCFBC2B}.Release|Any CPU.ActiveCfg = Release|Any CPU
		{DB960736-548F-43FE-AD75-DE31BBCFBC2B}.Release|Any CPU.Build.0 = Release|Any CPU
		{4B672A81-CC43-42F6-A2C0-8332ABC48AC8}.Debug|Any CPU.ActiveCfg = Debug|Any CPU
		{4B672A81-CC43-42F6-A2C0-8332ABC48AC8}.Debug|Any CPU.Build.0 = Debug|Any CPU
		{4B672A81-CC43-42F6-A2C0-8332ABC48AC8}.Release|Any CPU.ActiveCfg = Release|Any CPU
		{4B672A81-CC43-42F6-A2C0-8332ABC48AC8}.Release|Any CPU.Build.0 = Release|Any CPU
		{B13486FF-9B7A-4C09-AE68-1066E3887514}.Debug|Any CPU.ActiveCfg = Debug|Any CPU
		{B13486FF-9B7A-4C09-AE68-1066E3887514}.Debug|Any CPU.Build.0 = Debug|Any CPU
		{B13486FF-9B7A-4C09-AE68-1066E3887514}.Release|Any CPU.ActiveCfg = Release|Any CPU
		{B13486FF-9B7A-4C09-AE68-1066E3887514}.Release|Any CPU.Build.0 = Release|Any CPU
		{EB7D365D-ECDF-4FF5-B525-F0EA00368989}.Debug|Any CPU.ActiveCfg = Debug|Any CPU
		{EB7D365D-ECDF-4FF5-B525-F0EA00368989}.Debug|Any CPU.Build.0 = Debug|Any CPU
		{EB7D365D-ECDF-4FF5-B525-F0EA00368989}.Release|Any CPU.ActiveCfg = Release|Any CPU
		{EB7D365D-ECDF-4FF5-B525-F0EA00368989}.Release|Any CPU.Build.0 = Release|Any CPU
		{FD8EB000-C8B7-4922-8530-C8BA657F7FF9}.Debug|Any CPU.ActiveCfg = Debug|Any CPU
		{FD8EB000-C8B7-4922-8530-C8BA657F7FF9}.Debug|Any CPU.Build.0 = Debug|Any CPU
		{FD8EB000-C8B7-4922-8530-C8BA657F7FF9}.Release|Any CPU.ActiveCfg = Release|Any CPU
		{FD8EB000-C8B7-4922-8530-C8BA657F7FF9}.Release|Any CPU.Build.0 = Release|Any CPU
		{2913D88F-2D5C-48EA-8269-8FE9C11F5635}.Debug|Any CPU.ActiveCfg = Debug|Any CPU
		{2913D88F-2D5C-48EA-8269-8FE9C11F5635}.Debug|Any CPU.Build.0 = Debug|Any CPU
		{2913D88F-2D5C-48EA-8269-8FE9C11F5635}.Release|Any CPU.ActiveCfg = Release|Any CPU
		{2913D88F-2D5C-48EA-8269-8FE9C11F5635}.Release|Any CPU.Build.0 = Release|Any CPU
		{86386408-602F-4755-96C3-1CBC3609E252}.Debug|Any CPU.ActiveCfg = Debug|Any CPU
		{86386408-602F-4755-96C3-1CBC3609E252}.Debug|Any CPU.Build.0 = Debug|Any CPU
		{86386408-602F-4755-96C3-1CBC3609E252}.Release|Any CPU.ActiveCfg = Release|Any CPU
		{86386408-602F-4755-96C3-1CBC3609E252}.Release|Any CPU.Build.0 = Release|Any CPU
		{9DF16E95-746F-46FE-8EFB-CF81CF53EF16}.Debug|Any CPU.ActiveCfg = Debug|Any CPU
		{9DF16E95-746F-46FE-8EFB-CF81CF53EF16}.Debug|Any CPU.Build.0 = Debug|Any CPU
		{9DF16E95-746F-46FE-8EFB-CF81CF53EF16}.Release|Any CPU.ActiveCfg = Release|Any CPU
		{9DF16E95-746F-46FE-8EFB-CF81CF53EF16}.Release|Any CPU.Build.0 = Release|Any CPU
		{5D277D63-5F6B-482F-90FE-7C016347748D}.Debug|Any CPU.ActiveCfg = Debug|Any CPU
		{5D277D63-5F6B-482F-90FE-7C016347748D}.Debug|Any CPU.Build.0 = Debug|Any CPU
		{5D277D63-5F6B-482F-90FE-7C016347748D}.Release|Any CPU.ActiveCfg = Release|Any CPU
		{5D277D63-5F6B-482F-90FE-7C016347748D}.Release|Any CPU.Build.0 = Release|Any CPU
	EndGlobalSection
	GlobalSection(SolutionProperties) = preSolution
		HideSolutionNode = FALSE
	EndGlobalSection
	GlobalSection(NestedProjects) = preSolution
		{D3560EF4-0B50-4BB2-AE8C-2B34779DEA10} = {734B942D-E68F-4299-80E5-DE0717FB0349}
		{840DD676-B842-4CA5-8289-685A11657784} = {734B942D-E68F-4299-80E5-DE0717FB0349}
		{2817E4FD-32C9-494A-914F-6671A17FE2D4} = {D3560EF4-0B50-4BB2-AE8C-2B34779DEA10}
		{DB960736-548F-43FE-AD75-DE31BBCFBC2B} = {D3560EF4-0B50-4BB2-AE8C-2B34779DEA10}
		{4B672A81-CC43-42F6-A2C0-8332ABC48AC8} = {D3560EF4-0B50-4BB2-AE8C-2B34779DEA10}
		{B13486FF-9B7A-4C09-AE68-1066E3887514} = {D3560EF4-0B50-4BB2-AE8C-2B34779DEA10}
		{EB7D365D-ECDF-4FF5-B525-F0EA00368989} = {840DD676-B842-4CA5-8289-685A11657784}
		{FD8EB000-C8B7-4922-8530-C8BA657F7FF9} = {840DD676-B842-4CA5-8289-685A11657784}
		{2913D88F-2D5C-48EA-8269-8FE9C11F5635} = {E779E7CB-0230-43AD-B7FA-0BD5A1D59BF9}
		{86386408-602F-4755-96C3-1CBC3609E252} = {E779E7CB-0230-43AD-B7FA-0BD5A1D59BF9}
		{9DF16E95-746F-46FE-8EFB-CF81CF53EF16} = {E779E7CB-0230-43AD-B7FA-0BD5A1D59BF9}
		{5D277D63-5F6B-482F-90FE-7C016347748D} = {E779E7CB-0230-43AD-B7FA-0BD5A1D59BF9}
	EndGlobalSection
EndGlobal
